
Microsoft Visual Studio Solution File, Format Version 12.00
# Visual Studio Version 17
VisualStudioVersion = 17.9.34902.65
MinimumVisualStudioVersion = 10.0.40219.1
Project("{FAE04EC0-301F-11D3-BF4B-00C04F79EFBC}") = "Capture", "Capture\Capture.csproj", "{5923A398-FD55-4B67-9FF6-2D0DC7E09D58}"
EndProject
Global
	GlobalSection(SolutionConfigurationPlatforms) = preSolution
		Debug|Any CPU = Debug|Any CPU
		Release|Any CPU = Release|Any CPU
	EndGlobalSection
	GlobalSection(ProjectConfigurationPlatforms) = postSolution
		{5923A398-FD55-4B67-9FF6-2D0DC7E09D58}.Debug|Any CPU.ActiveCfg = Debug|Any CPU
		{5923A398-FD55-4B67-9FF6-2D0DC7E09D58}.Debug|Any CPU.Build.0 = Debug|Any CPU
		{5923A398-FD55-4B67-9FF6-2D0DC7E09D58}.Release|Any CPU.ActiveCfg = Release|Any CPU
		{5923A398-FD55-4B67-9FF6-2D0DC7E09D58}.Release|Any CPU.Build.0 = Release|Any CPU
	EndGlobalSection
	GlobalSection(SolutionProperties) = preSolution
		HideSolutionNode = FALSE
	EndGlobalSection
	GlobalSection(ExtensibilityGlobals) = postSolution
		SolutionGuid = {028D755A-78D0-4910-A760-F90574DE4363}
	EndGlobalSection
EndGlobal
